
Microsoft Visual Studio Solution File, Format Version 12.00
# Visual Studio Version 17
VisualStudioVersion = 17.4.33213.308
MinimumVisualStudioVersion = 10.0.40219.1
Project("{FAE04EC0-301F-11D3-BF4B-00C04F79EFBC}") = "Game1", "Game1\Game1.csproj", "{37438F0B-600F-4C78-A1A4-34AFB9193E6D}"
EndProject
Global
	GlobalSection(SolutionConfigurationPlatforms) = preSolution
		Debug|Any CPU = Debug|Any CPU
		Release|Any CPU = Release|Any CPU
	EndGlobalSection
	GlobalSection(ProjectConfigurationPlatforms) = postSolution
		{37438F0B-600F-4C78-A1A4-34AFB9193E6D}.Debug|Any CPU.ActiveCfg = Debug|Any CPU
		{37438F0B-600F-4C78-A1A4-34AFB9193E6D}.Debug|Any CPU.Build.0 = Debug|Any CPU
		{37438F0B-600F-4C78-A1A4-34AFB9193E6D}.Release|Any CPU.ActiveCfg = Release|Any CPU
		{37438F0B-600F-4C78-A1A4-34AFB9193E6D}.Release|Any CPU.Build.0 = Release|Any CPU
	EndGlobalSection
	GlobalSection(SolutionProperties) = preSolution
		HideSolutionNode = FALSE
	EndGlobalSection
	GlobalSection(ExtensibilityGlobals) = postSolution
		SolutionGuid = {CDF1C225-ABA4-47CA-A3E7-F22FC63879F2}
	EndGlobalSection
EndGlobal
